
Microsoft Visual Studio Solution File, Format Version 12.00
# Visual Studio Version 17
VisualStudioVersion = 17.5.002.0
MinimumVisualStudioVersion = 10.0.40219.1
Project("{2150E333-8FDC-42A3-9474-1A3956D46DE8}") = "desafio-02", "desafio-02", "{02FAF936-167C-44E6-B96A-9E6C6D3E3585}"
EndProject
Project("{2150E333-8FDC-42A3-9474-1A3956D46DE8}") = "AlexandreOliver", "AlexandreOliver", "{7E420676-DBBA-46E4-9B60-916B5B4A5E8B}"
EndProject
Project("{9A19103F-16F7-4668-BE54-9A1E7A4F7556}") = "csharp", "desafio-02\AlexandreOliver\csharp\csharp.csproj", "{16286B13-3ACD-4DBF-89FF-2780AF7C389B}"
EndProject
Project("{2150E333-8FDC-42A3-9474-1A3956D46DE8}") = "Arthurrochaa", "Arthurrochaa", "{48F20C5D-657E-4670-8444-93536683176C}"
EndProject
Project("{9A19103F-16F7-4668-BE54-9A1E7A4F7556}") = "numerosprimos", "desafio-02\Arthurrochaa\csharp\numerosprimos.csproj", "{CFBE334D-A95D-458C-9087-0DC24642099B}"
EndProject
Project("{2150E333-8FDC-42A3-9474-1A3956D46DE8}") = "JefersonMarcante", "JefersonMarcante", "{FCAC81AF-3C90-4836-A36C-7F15098E8A61}"
EndProject
Project("{9A19103F-16F7-4668-BE54-9A1E7A4F7556}") = "csharp", "desafio-02\JefersonMarcante\csharp\csharp.csproj", "{42596BFA-1F97-4493-9940-E3A9DF015E91}"
EndProject
Project("{2150E333-8FDC-42A3-9474-1A3956D46DE8}") = "KayleKylian", "KayleKylian", "{375DC1AF-AB3D-4293-9814-03DC644E584B}"
EndProject
Project("{9A19103F-16F7-4668-BE54-9A1E7A4F7556}") = "csharp", "desafio-02\KayleKylian\csharp\csharp.csproj", "{8163B77B-9ECF-48C8-8D4C-28F3F7517D34}"
EndProject
Project("{2150E333-8FDC-42A3-9474-1A3956D46DE8}") = "TeijiW", "TeijiW", "{71435C49-B7D7-4C6D-904F-CD35F7E2028C}"
EndProject
Project("{9A19103F-16F7-4668-BE54-9A1E7A4F7556}") = "desafio2", "desafio-02\TeijiW\csharp\desafio2.csproj", "{1A9AFB8C-3789-4BCA-88B8-AA58BB96C33B}"
EndProject
Project("{2150E333-8FDC-42A3-9474-1A3956D46DE8}") = "eversonrezende", "eversonrezende", "{87B138D6-2A88-4BAC-A258-4E76697618E5}"
EndProject
Project("{9A19103F-16F7-4668-BE54-9A1E7A4F7556}") = "csharp", "desafio-02\eversonrezende\csharp\csharp.csproj", "{7560626B-CFAF-485F-A87A-E68F09A14A1C}"
EndProject
Project("{2150E333-8FDC-42A3-9474-1A3956D46DE8}") = "jezielsilva", "jezielsilva", "{6B1410CF-8AFA-4CDF-A377-33E899EB6332}"
EndProject
Project("{9A19103F-16F7-4668-BE54-9A1E7A4F7556}") = "numerosPrimos", "desafio-02\jezielsilva\csharp\numerosPrimos.csproj", "{C752ADDF-A51A-4D18-BE24-CA12104CC693}"
EndProject
Project("{2150E333-8FDC-42A3-9474-1A3956D46DE8}") = "viniborges", "viniborges", "{A4933DA7-FF1E-405F-B61B-DD610D291BA7}"
EndProject
Project("{9A19103F-16F7-4668-BE54-9A1E7A4F7556}") = "NumerosPrimos", "desafio-02\viniborges\csharp\NumerosPrimos.csproj", "{03E2DE17-14C1-4B92-81E8-8C845973A71E}"
EndProject
Project("{2150E333-8FDC-42A3-9474-1A3956D46DE8}") = "desafio-03", "desafio-03", "{561613BB-74E8-41C1-92BF-D4503AA710D3}"
EndProject
Project("{2150E333-8FDC-42A3-9474-1A3956D46DE8}") = "AlexandreOliver", "AlexandreOliver", "{475EB543-32E6-4C11-B4D9-55AF3BED97A3}"
EndProject
Project("{9A19103F-16F7-4668-BE54-9A1E7A4F7556}") = "csharp", "desafio-03\AlexandreOliver\csharp\csharp.csproj", "{A41A4C8B-B5DC-4A90-ADC2-7EC08E97D0B2}"
EndProject
Project("{2150E333-8FDC-42A3-9474-1A3956D46DE8}") = "Arthurrochaa", "Arthurrochaa", "{1A57A093-4EAC-45DF-B5B5-33EC891DBB51}"
EndProject
Project("{9A19103F-16F7-4668-BE54-9A1E7A4F7556}") = "DesafioPalindromos", "desafio-03\Arthurrochaa\csharp\DesafioPalindromos.csproj", "{C07F961C-E7E0-4187-96DA-882B8E9548DE}"
EndProject
Project("{2150E333-8FDC-42A3-9474-1A3956D46DE8}") = "KayleKylian", "KayleKylian", "{900F52F9-876F-485C-AEA8-561ADBC1A1FB}"
EndProject
Project("{9A19103F-16F7-4668-BE54-9A1E7A4F7556}") = "csharp", "desafio-03\KayleKylian\csharp\csharp.csproj", "{6CE450E6-C7E0-4EC6-9D2B-AB9915F3C8D0}"
EndProject
Project("{2150E333-8FDC-42A3-9474-1A3956D46DE8}") = "TeijiW", "TeijiW", "{F5B499D4-3D1E-4EB3-9DE3-49D55382F3D7}"
EndProject
Project("{9A19103F-16F7-4668-BE54-9A1E7A4F7556}") = "csharp", "desafio-03\TeijiW\csharp\csharp.csproj", "{BB221BC4-E245-417A-B9EA-12480331F9C6}"
EndProject
Project("{2150E333-8FDC-42A3-9474-1A3956D46DE8}") = "lucasfturos", "lucasfturos", "{E32AAD08-F8B3-4862-BDC5-022501BF6D82}"
EndProject
Project("{9A19103F-16F7-4668-BE54-9A1E7A4F7556}") = "palindrom", "desafio-03\lucasfturos\csharp\palindrom.csproj", "{082C6F70-2CF8-422F-B59B-F846F651E6D1}"
EndProject
Project("{2150E333-8FDC-42A3-9474-1A3956D46DE8}") = "desafio-04", "desafio-04", "{C91033C6-9D2B-4702-9F58-4BBDE3E67406}"
EndProject
Project("{2150E333-8FDC-42A3-9474-1A3956D46DE8}") = "TeijiW", "TeijiW", "{0C0CBB46-0020-4147-88B2-8D084A939C70}"
EndProject
Project("{9A19103F-16F7-4668-BE54-9A1E7A4F7556}") = "csharp", "desafio-04\TeijiW\csharp\csharp.csproj", "{FD152752-7961-42C7-AA14-BB6BEAB31255}"
EndProject
Project("{2150E333-8FDC-42A3-9474-1A3956D46DE8}") = "desafio-05", "desafio-05", "{72F0EF2C-E692-4192-AADE-7CC33E75B102}"
EndProject
Project("{2150E333-8FDC-42A3-9474-1A3956D46DE8}") = "faelpires", "faelpires", "{ABE029CD-BF56-4E45-98E4-5A4C7B78BE1D}"
EndProject
Project("{9A19103F-16F7-4668-BE54-9A1E7A4F7556}") = "Desafio5", "desafio-05\faelpires\csharp\Desafio5.csproj", "{8BF570A5-2C5C-4D2D-80C0-C942FC2C7540}"
EndProject
Project("{2150E333-8FDC-42A3-9474-1A3956D46DE8}") = "desafio-14", "desafio-14", "{C6064551-47C4-42A4-ABC5-28FB8BC0BB7C}"
EndProject
Project("{2150E333-8FDC-42A3-9474-1A3956D46DE8}") = "lucasfturos", "lucasfturos", "{13D00E7E-BE8D-42D0-9FAD-F54E414B5DB0}"
EndProject
Project("{9A19103F-16F7-4668-BE54-9A1E7A4F7556}") = "expressao", "desafio-14\lucasfturos\csharp\expressao.csproj", "{F535C475-4D27-4D0B-8CD8-4D222AB2AB5B}"
EndProject
Project("{2150E333-8FDC-42A3-9474-1A3956D46DE8}") = "ronaldofas", "ronaldofas", "{82FD6C35-BF8E-4C99-B56F-5E495E8A7E2F}"
EndProject
Project("{2150E333-8FDC-42A3-9474-1A3956D46DE8}") = "c#", "c#", "{84C1E217-18AD-4B94-8EFA-314EC5258F27}"
EndProject
Project("{FAE04EC0-301F-11D3-BF4B-00C04F79EFBC}") = "primos", "desafio-02\ronaldofas\c#\primos\primos.csproj", "{57AD443A-0988-44C9-B4BB-0CCBBDDA5E76}"
EndProject
Global
	GlobalSection(SolutionConfigurationPlatforms) = preSolution
		Debug|Any CPU = Debug|Any CPU
		Release|Any CPU = Release|Any CPU
	EndGlobalSection
	GlobalSection(ProjectConfigurationPlatforms) = postSolution
		{16286B13-3ACD-4DBF-89FF-2780AF7C389B}.Debug|Any CPU.ActiveCfg = Debug|Any CPU
		{16286B13-3ACD-4DBF-89FF-2780AF7C389B}.Debug|Any CPU.Build.0 = Debug|Any CPU
		{16286B13-3ACD-4DBF-89FF-2780AF7C389B}.Release|Any CPU.ActiveCfg = Release|Any CPU
		{16286B13-3ACD-4DBF-89FF-2780AF7C389B}.Release|Any CPU.Build.0 = Release|Any CPU
		{CFBE334D-A95D-458C-9087-0DC24642099B}.Debug|Any CPU.ActiveCfg = Debug|Any CPU
		{CFBE334D-A95D-458C-9087-0DC24642099B}.Debug|Any CPU.Build.0 = Debug|Any CPU
		{CFBE334D-A95D-458C-9087-0DC24642099B}.Release|Any CPU.ActiveCfg = Release|Any CPU
		{CFBE334D-A95D-458C-9087-0DC24642099B}.Release|Any CPU.Build.0 = Release|Any CPU
		{42596BFA-1F97-4493-9940-E3A9DF015E91}.Debug|Any CPU.ActiveCfg = Debug|Any CPU
		{42596BFA-1F97-4493-9940-E3A9DF015E91}.Debug|Any CPU.Build.0 = Debug|Any CPU
		{42596BFA-1F97-4493-9940-E3A9DF015E91}.Release|Any CPU.ActiveCfg = Release|Any CPU
		{42596BFA-1F97-4493-9940-E3A9DF015E91}.Release|Any CPU.Build.0 = Release|Any CPU
		{8163B77B-9ECF-48C8-8D4C-28F3F7517D34}.Debug|Any CPU.ActiveCfg = Debug|Any CPU
		{8163B77B-9ECF-48C8-8D4C-28F3F7517D34}.Debug|Any CPU.Build.0 = Debug|Any CPU
		{8163B77B-9ECF-48C8-8D4C-28F3F7517D34}.Release|Any CPU.ActiveCfg = Release|Any CPU
		{8163B77B-9ECF-48C8-8D4C-28F3F7517D34}.Release|Any CPU.Build.0 = Release|Any CPU
		{1A9AFB8C-3789-4BCA-88B8-AA58BB96C33B}.Debug|Any CPU.ActiveCfg = Debug|Any CPU
		{1A9AFB8C-3789-4BCA-88B8-AA58BB96C33B}.Debug|Any CPU.Build.0 = Debug|Any CPU
		{1A9AFB8C-3789-4BCA-88B8-AA58BB96C33B}.Release|Any CPU.ActiveCfg = Release|Any CPU
		{1A9AFB8C-3789-4BCA-88B8-AA58BB96C33B}.Release|Any CPU.Build.0 = Release|Any CPU
		{7560626B-CFAF-485F-A87A-E68F09A14A1C}.Debug|Any CPU.ActiveCfg = Debug|Any CPU
		{7560626B-CFAF-485F-A87A-E68F09A14A1C}.Debug|Any CPU.Build.0 = Debug|Any CPU
		{7560626B-CFAF-485F-A87A-E68F09A14A1C}.Release|Any CPU.ActiveCfg = Release|Any CPU
		{7560626B-CFAF-485F-A87A-E68F09A14A1C}.Release|Any CPU.Build.0 = Release|Any CPU
		{C752ADDF-A51A-4D18-BE24-CA12104CC693}.Debug|Any CPU.ActiveCfg = Debug|Any CPU
		{C752ADDF-A51A-4D18-BE24-CA12104CC693}.Debug|Any CPU.Build.0 = Debug|Any CPU
		{C752ADDF-A51A-4D18-BE24-CA12104CC693}.Release|Any CPU.ActiveCfg = Release|Any CPU
		{C752ADDF-A51A-4D18-BE24-CA12104CC693}.Release|Any CPU.Build.0 = Release|Any CPU
		{03E2DE17-14C1-4B92-81E8-8C845973A71E}.Debug|Any CPU.ActiveCfg = Debug|Any CPU
		{03E2DE17-14C1-4B92-81E8-8C845973A71E}.Debug|Any CPU.Build.0 = Debug|Any CPU
		{03E2DE17-14C1-4B92-81E8-8C845973A71E}.Release|Any CPU.ActiveCfg = Release|Any CPU
		{03E2DE17-14C1-4B92-81E8-8C845973A71E}.Release|Any CPU.Build.0 = Release|Any CPU
		{A41A4C8B-B5DC-4A90-ADC2-7EC08E97D0B2}.Debug|Any CPU.ActiveCfg = Debug|Any CPU
		{A41A4C8B-B5DC-4A90-ADC2-7EC08E97D0B2}.Debug|Any CPU.Build.0 = Debug|Any CPU
		{A41A4C8B-B5DC-4A90-ADC2-7EC08E97D0B2}.Release|Any CPU.ActiveCfg = Release|Any CPU
		{A41A4C8B-B5DC-4A90-ADC2-7EC08E97D0B2}.Release|Any CPU.Build.0 = Release|Any CPU
		{C07F961C-E7E0-4187-96DA-882B8E9548DE}.Debug|Any CPU.ActiveCfg = Debug|Any CPU
		{C07F961C-E7E0-4187-96DA-882B8E9548DE}.Debug|Any CPU.Build.0 = Debug|Any CPU
		{C07F961C-E7E0-4187-96DA-882B8E9548DE}.Release|Any CPU.ActiveCfg = Release|Any CPU
		{C07F961C-E7E0-4187-96DA-882B8E9548DE}.Release|Any CPU.Build.0 = Release|Any CPU
		{6CE450E6-C7E0-4EC6-9D2B-AB9915F3C8D0}.Debug|Any CPU.ActiveCfg = Debug|Any CPU
		{6CE450E6-C7E0-4EC6-9D2B-AB9915F3C8D0}.Debug|Any CPU.Build.0 = Debug|Any CPU
		{6CE450E6-C7E0-4EC6-9D2B-AB9915F3C8D0}.Release|Any CPU.ActiveCfg = Release|Any CPU
		{6CE450E6-C7E0-4EC6-9D2B-AB9915F3C8D0}.Release|Any CPU.Build.0 = Release|Any CPU
		{BB221BC4-E245-417A-B9EA-12480331F9C6}.Debug|Any CPU.ActiveCfg = Debug|Any CPU
		{BB221BC4-E245-417A-B9EA-12480331F9C6}.Debug|Any CPU.Build.0 = Debug|Any CPU
		{BB221BC4-E245-417A-B9EA-12480331F9C6}.Release|Any CPU.ActiveCfg = Release|Any CPU
		{BB221BC4-E245-417A-B9EA-12480331F9C6}.Release|Any CPU.Build.0 = Release|Any CPU
		{082C6F70-2CF8-422F-B59B-F846F651E6D1}.Debug|Any CPU.ActiveCfg = Debug|Any CPU
		{082C6F70-2CF8-422F-B59B-F846F651E6D1}.Debug|Any CPU.Build.0 = Debug|Any CPU
		{082C6F70-2CF8-422F-B59B-F846F651E6D1}.Release|Any CPU.ActiveCfg = Release|Any CPU
		{082C6F70-2CF8-422F-B59B-F846F651E6D1}.Release|Any CPU.Build.0 = Release|Any CPU
		{FD152752-7961-42C7-AA14-BB6BEAB31255}.Debug|Any CPU.ActiveCfg = Debug|Any CPU
		{FD152752-7961-42C7-AA14-BB6BEAB31255}.Debug|Any CPU.Build.0 = Debug|Any CPU
		{FD152752-7961-42C7-AA14-BB6BEAB31255}.Release|Any CPU.ActiveCfg = Release|Any CPU
		{FD152752-7961-42C7-AA14-BB6BEAB31255}.Release|Any CPU.Build.0 = Release|Any CPU
		{8BF570A5-2C5C-4D2D-80C0-C942FC2C7540}.Debug|Any CPU.ActiveCfg = Debug|Any CPU
		{8BF570A5-2C5C-4D2D-80C0-C942FC2C7540}.Debug|Any CPU.Build.0 = Debug|Any CPU
		{8BF570A5-2C5C-4D2D-80C0-C942FC2C7540}.Release|Any CPU.ActiveCfg = Release|Any CPU
		{8BF570A5-2C5C-4D2D-80C0-C942FC2C7540}.Release|Any CPU.Build.0 = Release|Any CPU
		{F535C475-4D27-4D0B-8CD8-4D222AB2AB5B}.Debug|Any CPU.ActiveCfg = Debug|Any CPU
		{F535C475-4D27-4D0B-8CD8-4D222AB2AB5B}.Debug|Any CPU.Build.0 = Debug|Any CPU
		{F535C475-4D27-4D0B-8CD8-4D222AB2AB5B}.Release|Any CPU.ActiveCfg = Release|Any CPU
		{F535C475-4D27-4D0B-8CD8-4D222AB2AB5B}.Release|Any CPU.Build.0 = Release|Any CPU
		{57AD443A-0988-44C9-B4BB-0CCBBDDA5E76}.Debug|Any CPU.ActiveCfg = Debug|Any CPU
		{57AD443A-0988-44C9-B4BB-0CCBBDDA5E76}.Debug|Any CPU.Build.0 = Debug|Any CPU
		{57AD443A-0988-44C9-B4BB-0CCBBDDA5E76}.Release|Any CPU.ActiveCfg = Release|Any CPU
		{57AD443A-0988-44C9-B4BB-0CCBBDDA5E76}.Release|Any CPU.Build.0 = Release|Any CPU
	EndGlobalSection
	GlobalSection(SolutionProperties) = preSolution
		HideSolutionNode = FALSE
	EndGlobalSection
	GlobalSection(NestedProjects) = preSolution
		{7E420676-DBBA-46E4-9B60-916B5B4A5E8B} = {02FAF936-167C-44E6-B96A-9E6C6D3E3585}
		{16286B13-3ACD-4DBF-89FF-2780AF7C389B} = {7E420676-DBBA-46E4-9B60-916B5B4A5E8B}
		{48F20C5D-657E-4670-8444-93536683176C} = {02FAF936-167C-44E6-B96A-9E6C6D3E3585}
		{CFBE334D-A95D-458C-9087-0DC24642099B} = {48F20C5D-657E-4670-8444-93536683176C}
		{FCAC81AF-3C90-4836-A36C-7F15098E8A61} = {02FAF936-167C-44E6-B96A-9E6C6D3E3585}
		{42596BFA-1F97-4493-9940-E3A9DF015E91} = {FCAC81AF-3C90-4836-A36C-7F15098E8A61}
		{375DC1AF-AB3D-4293-9814-03DC644E584B} = {02FAF936-167C-44E6-B96A-9E6C6D3E3585}
		{8163B77B-9ECF-48C8-8D4C-28F3F7517D34} = {375DC1AF-AB3D-4293-9814-03DC644E584B}
		{71435C49-B7D7-4C6D-904F-CD35F7E2028C} = {02FAF936-167C-44E6-B96A-9E6C6D3E3585}
		{1A9AFB8C-3789-4BCA-88B8-AA58BB96C33B} = {71435C49-B7D7-4C6D-904F-CD35F7E2028C}
		{87B138D6-2A88-4BAC-A258-4E76697618E5} = {02FAF936-167C-44E6-B96A-9E6C6D3E3585}
		{7560626B-CFAF-485F-A87A-E68F09A14A1C} = {87B138D6-2A88-4BAC-A258-4E76697618E5}
		{6B1410CF-8AFA-4CDF-A377-33E899EB6332} = {02FAF936-167C-44E6-B96A-9E6C6D3E3585}
		{C752ADDF-A51A-4D18-BE24-CA12104CC693} = {6B1410CF-8AFA-4CDF-A377-33E899EB6332}
		{A4933DA7-FF1E-405F-B61B-DD610D291BA7} = {02FAF936-167C-44E6-B96A-9E6C6D3E3585}
		{03E2DE17-14C1-4B92-81E8-8C845973A71E} = {A4933DA7-FF1E-405F-B61B-DD610D291BA7}
		{475EB543-32E6-4C11-B4D9-55AF3BED97A3} = {561613BB-74E8-41C1-92BF-D4503AA710D3}
		{A41A4C8B-B5DC-4A90-ADC2-7EC08E97D0B2} = {475EB543-32E6-4C11-B4D9-55AF3BED97A3}
		{1A57A093-4EAC-45DF-B5B5-33EC891DBB51} = {561613BB-74E8-41C1-92BF-D4503AA710D3}
		{C07F961C-E7E0-4187-96DA-882B8E9548DE} = {1A57A093-4EAC-45DF-B5B5-33EC891DBB51}
		{900F52F9-876F-485C-AEA8-561ADBC1A1FB} = {561613BB-74E8-41C1-92BF-D4503AA710D3}
		{6CE450E6-C7E0-4EC6-9D2B-AB9915F3C8D0} = {900F52F9-876F-485C-AEA8-561ADBC1A1FB}
		{F5B499D4-3D1E-4EB3-9DE3-49D55382F3D7} = {561613BB-74E8-41C1-92BF-D4503AA710D3}
		{BB221BC4-E245-417A-B9EA-12480331F9C6} = {F5B499D4-3D1E-4EB3-9DE3-49D55382F3D7}
		{E32AAD08-F8B3-4862-BDC5-022501BF6D82} = {561613BB-74E8-41C1-92BF-D4503AA710D3}
		{082C6F70-2CF8-422F-B59B-F846F651E6D1} = {E32AAD08-F8B3-4862-BDC5-022501BF6D82}
		{0C0CBB46-0020-4147-88B2-8D084A939C70} = {C91033C6-9D2B-4702-9F58-4BBDE3E67406}
		{FD152752-7961-42C7-AA14-BB6BEAB31255} = {0C0CBB46-0020-4147-88B2-8D084A939C70}
		{ABE029CD-BF56-4E45-98E4-5A4C7B78BE1D} = {72F0EF2C-E692-4192-AADE-7CC33E75B102}
		{8BF570A5-2C5C-4D2D-80C0-C942FC2C7540} = {ABE029CD-BF56-4E45-98E4-5A4C7B78BE1D}
		{13D00E7E-BE8D-42D0-9FAD-F54E414B5DB0} = {C6064551-47C4-42A4-ABC5-28FB8BC0BB7C}
		{F535C475-4D27-4D0B-8CD8-4D222AB2AB5B} = {13D00E7E-BE8D-42D0-9FAD-F54E414B5DB0}
		{82FD6C35-BF8E-4C99-B56F-5E495E8A7E2F} = {02FAF936-167C-44E6-B96A-9E6C6D3E3585}
		{84C1E217-18AD-4B94-8EFA-314EC5258F27} = {82FD6C35-BF8E-4C99-B56F-5E495E8A7E2F}
		{57AD443A-0988-44C9-B4BB-0CCBBDDA5E76} = {84C1E217-18AD-4B94-8EFA-314EC5258F27}
	EndGlobalSection
	GlobalSection(ExtensibilityGlobals) = postSolution
		SolutionGuid = {090108EA-C13A-40DB-8C78-DAB860A2E70E}
	EndGlobalSection
EndGlobal
