# This file was autogenerated by Stack.
# You should not edit this file by hand.
# For more information, please see the documentation at:
#   https://docs.haskellstack.org/en/stable/lock_files

packages:
- completed:
    hackage: text-format-0.3.2@sha256:2a3fc17cf87120fcfdbca62a0da59759755549285841cdc1483081c35fb3d115,1814
    pantry-tree:
      size: 1029
      sha256: 2db26ddb77184186e0d5b2b020bdfbeb044c168024767b1fa3691682ca618896
  original:
    hackage: text-format-0.3.2
- completed:
    hackage: Diff-0.3.4@sha256:5ab20a407f9e65d13b642c3cd414906a40280343a31b388f6ed69b9228fe42c1,1127
    pantry-tree:
      size: 416
      sha256: 48d1b942ff99293d69a8ca4ea60f372093e5aeea73f63d11829ceca01d63c7fd
  original:
    hackage: Diff-0.3.4
- completed:
    hackage: liquid-fixpoint-0.8.10.1@sha256:7b40e5d29b72504014fc289bb4807330996c63b37fc33b40a906664c1ea074b1,7291
    pantry-tree:
      size: 14011
      sha256: 6bde6d15104bc05dfcede4eb85469adc333844660ca7f8404eeebe6a6d401065
  original:
    hackage: liquid-fixpoint-0.8.10.1
- completed:
    hackage: liquidhaskell-0.8.10.1@sha256:ee74a1f715de67d649804fcfe0478e87b7940a84c43cda1bdbd0c235f701fd2a,15722
    pantry-tree:
      size: 69381
      sha256: accdcfe6a7df376c9ac99b6e71c0fe5534a504d6fb0756ceae05b9121be979f2
  original:
    hackage: liquidhaskell-0.8.10.1
- completed:
    hackage: liquid-base-4.14.0.0@sha256:52ac0bda5d8cce9be744dc7af0622b355d59ef02401f0c25ddd6e866010cb60c,9066
    pantry-tree:
      size: 14924
      sha256: a59067ba8d45e77fa2ffe530bc5e31becaf104ae824881d33c69d7efc43d968f
  original:
    hackage: liquid-base-4.14.0.0
- completed:
    hackage: liquid-ghc-prim-0.6.1@sha256:83ef2d8fb705f31f269ce2b3e05af4333fb77c7083d3a56c25032dffd6dfd7b7,1766
    pantry-tree:
      size: 858
      sha256: b8b0bde3cc45e2e7f3517f24aa8a96e224bfb5cab08df4259cf2a597d9748104
  original:
    hackage: liquid-ghc-prim-0.6.1
- completed:
    hackage: json-stream-0.4.2.4@sha256:8b7f17d54a6e1e6311756270f8bcf51e91bab4300945400de66118470dcf51b9,4716
    pantry-tree:
      size: 2055
      sha256: 3ad81d47097db52223576d79ff441f04682358cd3057de4acb604409772641ca
  original:
    hackage: json-stream-0.4.2.4
snapshots:
- completed:
    size: 503181
    url: https://raw.githubusercontent.com/commercialhaskell/stackage-snapshots/master/nightly/2020/6/25.yaml
    sha256: 96e98363790e62f4498da632069a03101cf588b3b47925e707f080cff4b6cfbb
  original: nightly-2020-06-25
